// !$*UTF8*$!
{
	archiveVersion = 1;
	classes = {
	};
	objectVersion = 55;
	objects = {

/* Begin PBXBuildFile section */
		D66A134A27FCC89E0003085D /* main.cpp in Sources */ = {isa = PBXBuildFile; fileRef = D66A134927FCC89E0003085D /* main.cpp */; };
		D66A135327FCCA6E0003085D /* Histogram.cpp in Sources */ = {isa = PBXBuildFile; fileRef = D66A135227FCCA6E0003085D /* Histogram.cpp */; };
		D66A135627FCCAC90003085D /* Log.cpp in Sources */ = {isa = PBXBuildFile; fileRef = D66A135427FCCAC90003085D /* Log.cpp */; };
		D66A135927FCCD9E0003085D /* RandomEintegerGenerator.cpp in Sources */ = {isa = PBXBuildFile; fileRef = D66A135727FCCD9E0003085D /* RandomEintegerGenerator.cpp */; };
/* End PBXBuildFile section */

/* Begin PBXCopyFilesBuildPhase section */
		D66A134427FCC89E0003085D /* CopyFiles */ = {
			isa = PBXCopyFilesBuildPhase;
			buildActionMask = 2147483647;
			dstPath = /usr/share/man/man1/;
			dstSubfolderSpec = 0;
			files = (
			);
			runOnlyForDeploymentPostprocessing = 1;
		};
/* End PBXCopyFilesBuildPhase section */

/* Begin PBXFileReference section */
		D66A134627FCC89E0003085D /* Histogram */ = {isa = PBXFileReference; explicitFileType = "compiled.mach-o.executable"; includeInIndex = 0; path = Histogram; sourceTree = BUILT_PRODUCTS_DIR; };
		D66A134927FCC89E0003085D /* main.cpp */ = {isa = PBXFileReference; lastKnownFileType = sourcecode.cpp.cpp; path = main.cpp; sourceTree = "<group>"; };
		D66A135027FCC8B70003085D /* HistogramBase.h */ = {isa = PBXFileReference; lastKnownFileType = sourcecode.c.h; path = HistogramBase.h; sourceTree = "<group>"; };
		D66A135127FCC9260003085D /* Histogram.h */ = {isa = PBXFileReference; lastKnownFileType = sourcecode.c.h; path = Histogram.h; sourceTree = "<group>"; };
		D66A135227FCCA6E0003085D /* Histogram.cpp */ = {isa = PBXFileReference; lastKnownFileType = sourcecode.cpp.cpp; path = Histogram.cpp; sourceTree = "<group>"; };
		D66A135427FCCAC90003085D /* Log.cpp */ = {isa = PBXFileReference; lastKnownFileType = sourcecode.cpp.cpp; path = Log.cpp; sourceTree = "<group>"; };
		D66A135527FCCAC90003085D /* Log.hpp */ = {isa = PBXFileReference; lastKnownFileType = sourcecode.cpp.h; path = Log.hpp; sourceTree = "<group>"; };
		D66A135727FCCD9E0003085D /* RandomEintegerGenerator.cpp */ = {isa = PBXFileReference; lastKnownFileType = sourcecode.cpp.cpp; path = RandomEintegerGenerator.cpp; sourceTree = "<group>"; };
		D66A135827FCCD9E0003085D /* RandomEintegerGenerator.hpp */ = {isa = PBXFileReference; lastKnownFileType = sourcecode.cpp.h; path = RandomEintegerGenerator.hpp; sourceTree = "<group>"; };
/* End PBXFileReference section */

/* Begin PBXFrameworksBuildPhase section */
		D66A134327FCC89E0003085D /* Frameworks */ = {
			isa = PBXFrameworksBuildPhase;
			buildActionMask = 2147483647;
			files = (
			);
			runOnlyForDeploymentPostprocessing = 0;
		};
/* End PBXFrameworksBuildPhase section */

/* Begin PBXGroup section */
		D66A133D27FCC89E0003085D = {
			isa = PBXGroup;
			children = (
				D66A134827FCC89E0003085D /* Histogram */,
				D66A134727FCC89E0003085D /* Products */,
			);
			sourceTree = "<group>";
		};
		D66A134727FCC89E0003085D /* Products */ = {
			isa = PBXGroup;
			children = (
				D66A134627FCC89E0003085D /* Histogram */,
			);
			name = Products;
			sourceTree = "<group>";
		};
		D66A134827FCC89E0003085D /* Histogram */ = {
			isa = PBXGroup;
			children = (
				D66A134927FCC89E0003085D /* main.cpp */,
				D66A135027FCC8B70003085D /* HistogramBase.h */,
				D66A135127FCC9260003085D /* Histogram.h */,
				D66A135227FCCA6E0003085D /* Histogram.cpp */,
				D66A135427FCCAC90003085D /* Log.cpp */,
				D66A135527FCCAC90003085D /* Log.hpp */,
				D66A135727FCCD9E0003085D /* RandomEintegerGenerator.cpp */,
				D66A135827FCCD9E0003085D /* RandomEintegerGenerator.hpp */,
			);
			path = Histogram;
			sourceTree = "<group>";
		};
/* End PBXGroup section */

/* Begin PBXNativeTarget section */
		D66A134527FCC89E0003085D /* Histogram */ = {
			isa = PBXNativeTarget;
			buildConfigurationList = D66A134D27FCC89E0003085D /* Build configuration list for PBXNativeTarget "Histogram" */;
			buildPhases = (
				D66A134227FCC89E0003085D /* Sources */,
				D66A134327FCC89E0003085D /* Frameworks */,
				D66A134427FCC89E0003085D /* CopyFiles */,
			);
			buildRules = (
			);
			dependencies = (
			);
			name = Histogram;
			productName = Histogram;
			productReference = D66A134627FCC89E0003085D /* Histogram */;
			productType = "com.apple.product-type.tool";
		};
/* End PBXNativeTarget section */

/* Begin PBXProject section */
		D66A133E27FCC89E0003085D /* Project object */ = {
			isa = PBXProject;
			attributes = {
				BuildIndependentTargetsInParallel = 1;
				LastUpgradeCheck = 1330;
				TargetAttributes = {
					D66A134527FCC89E0003085D = {
						CreatedOnToolsVersion = 13.3;
					};
				};
			};
			buildConfigurationList = D66A134127FCC89E0003085D /* Build configuration list for PBXProject "Histogram" */;
			compatibilityVersion = "Xcode 13.0";
			developmentRegion = en;
			hasScannedForEncodings = 0;
			knownRegions = (
				en,
				Base,
			);
			mainGroup = D66A133D27FCC89E0003085D;
			productRefGroup = D66A134727FCC89E0003085D /* Products */;
			projectDirPath = "";
			projectRoot = "";
			targets = (
				D66A134527FCC89E0003085D /* Histogram */,
			);
		};
/* End PBXProject section */

/* Begin PBXSourcesBuildPhase section */
		D66A134227FCC89E0003085D /* Sources */ = {
			isa = PBXSourcesBuildPhase;
			buildActionMask = 2147483647;
			files = (
				D66A135627FCCAC90003085D /* Log.cpp in Sources */,
				D66A135327FCCA6E0003085D /* Histogram.cpp in Sources */,
				D66A134A27FCC89E0003085D /* main.cpp in Sources */,
				D66A135927FCCD9E0003085D /* RandomEintegerGenerator.cpp in Sources */,
			);
			runOnlyForDeploymentPostprocessing = 0;
		};
/* End PBXSourcesBuildPhase section */

/* Begin XCBuildConfiguration section */
		D66A134B27FCC89E0003085D /* Debug */ = {
			isa = XCBuildConfiguration;
			buildSettings = {
				ALWAYS_SEARCH_USER_PATHS = NO;
				CLANG_ANALYZER_NONNULL = YES;
				CLANG_ANALYZER_NUMBER_OBJECT_CONVERSION = YES_AGGRESSIVE;
				CLANG_CXX_LANGUAGE_STANDARD = "gnu++17";
				CLANG_ENABLE_MODULES = YES;
				CLANG_ENABLE_OBJC_ARC = YES;
				CLANG_ENABLE_OBJC_WEAK = YES;
				CLANG_WARN_BLOCK_CAPTURE_AUTORELEASING = YES;
				CLANG_WARN_BOOL_CONVERSION = YES;
				CLANG_WARN_COMMA = YES;
				CLANG_WARN_CONSTANT_CONVERSION = YES;
				CLANG_WARN_DEPRECATED_OBJC_IMPLEMENTATIONS = YES;
				CLANG_WARN_DIRECT_OBJC_ISA_USAGE = YES_ERROR;
				CLANG_WARN_DOCUMENTATION_COMMENTS = YES;
				CLANG_WARN_EMPTY_BODY = YES;
				CLANG_WARN_ENUM_CONVERSION = YES;
				CLANG_WARN_INFINITE_RECURSION = YES;
				CLANG_WARN_INT_CONVERSION = YES;
				CLANG_WARN_NON_LITERAL_NULL_CONVERSION = YES;
				CLANG_WARN_OBJC_IMPLICIT_RETAIN_SELF = YES;
				CLANG_WARN_OBJC_LITERAL_CONVERSION = YES;
				CLANG_WARN_OBJC_ROOT_CLASS = YES_ERROR;
				CLANG_WARN_QUOTED_INCLUDE_IN_FRAMEWORK_HEADER = YES;
				CLANG_WARN_RANGE_LOOP_ANALYSIS = YES;
				CLANG_WARN_STRICT_PROTOTYPES = YES;
				CLANG_WARN_SUSPICIOUS_MOVE = YES;
				CLANG_WARN_UNGUARDED_AVAILABILITY = YES_AGGRESSIVE;
				CLANG_WARN_UNREACHABLE_CODE = YES;
				CLANG_WARN__DUPLICATE_METHOD_MATCH = YES;
				COPY_PHASE_STRIP = NO;
				DEBUG_INFORMATION_FORMAT = dwarf;
				ENABLE_STRICT_OBJC_MSGSEND = YES;
				ENABLE_TESTABILITY = YES;
				GCC_C_LANGUAGE_STANDARD = gnu11;
				GCC_DYNAMIC_NO_PIC = NO;
				GCC_NO_COMMON_BLOCKS = YES;
				GCC_OPTIMIZATION_LEVEL = 0;
				GCC_PREPROCESSOR_DEFINITIONS = (
					"DEBUG=1",
					"$(inherited)",
				);
				GCC_WARN_64_TO_32_BIT_CONVERSION = YES;
				GCC_WARN_ABOUT_RETURN_TYPE = YES_ERROR;
				GCC_WARN_UNDECLARED_SELECTOR = YES;
				GCC_WARN_UNINITIALIZED_AUTOS = YES_AGGRESSIVE;
				GCC_WARN_UNUSED_FUNCTION = YES;
				GCC_WARN_UNUSED_VARIABLE = YES;
				MACOSX_DEPLOYMENT_TARGET = 12.2;
				MTL_ENABLE_DEBUG_INFO = INCLUDE_SOURCE;
				MTL_FAST_MATH = YES;
				ONLY_ACTIVE_ARCH = YES;
				SDKROOT = macosx;
			};
			name = Debug;
		};
		D66A134C27FCC89E0003085D /* Release */ = {
			isa = XCBuildConfiguration;
			buildSettings = {
				ALWAYS_SEARCH_USER_PATHS = NO;
				CLANG_ANALYZER_NONNULL = YES;
				CLANG_ANALYZER_NUMBER_OBJECT_CONVERSION = YES_AGGRESSIVE;
				CLANG_CXX_LANGUAGE_STANDARD = "gnu++17";
				CLANG_ENABLE_MODULES = YES;
				CLANG_ENABLE_OBJC_ARC = YES;
				CLANG_ENABLE_OBJC_WEAK = YES;
				CLANG_WARN_BLOCK_CAPTURE_AUTORELEASING = YES;
				CLANG_WARN_BOOL_CONVERSION = YES;
				CLANG_WARN_COMMA = YES;
				CLANG_WARN_CONSTANT_CONVERSION = YES;
				CLANG_WARN_DEPRECATED_OBJC_IMPLEMENTATIONS = YES;
				CLANG_WARN_DIRECT_OBJC_ISA_USAGE = YES_ERROR;
				CLANG_WARN_DOCUMENTATION_COMMENTS = YES;
				CLANG_WARN_EMPTY_BODY = YES;
				CLANG_WARN_ENUM_CONVERSION = YES;
				CLANG_WARN_INFINITE_RECURSION = YES;
				CLANG_WARN_INT_CONVERSION = YES;
				CLANG_WARN_NON_LITERAL_NULL_CONVERSION = YES;
				CLANG_WARN_OBJC_IMPLICIT_RETAIN_SELF = YES;
				CLANG_WARN_OBJC_LITERAL_CONVERSION = YES;
				CLANG_WARN_OBJC_ROOT_CLASS = YES_ERROR;
				CLANG_WARN_QUOTED_INCLUDE_IN_FRAMEWORK_HEADER = YES;
				CLANG_WARN_RANGE_LOOP_ANALYSIS = YES;
				CLANG_WARN_STRICT_PROTOTYPES = YES;
				CLANG_WARN_SUSPICIOUS_MOVE = YES;
				CLANG_WARN_UNGUARDED_AVAILABILITY = YES_AGGRESSIVE;
				CLANG_WARN_UNREACHABLE_CODE = YES;
				CLANG_WARN__DUPLICATE_METHOD_MATCH = YES;
				COPY_PHASE_STRIP = NO;
				DEBUG_INFORMATION_FORMAT = "dwarf-with-dsym";
				ENABLE_NS_ASSERTIONS = NO;
				ENABLE_STRICT_OBJC_MSGSEND = YES;
				GCC_C_LANGUAGE_STANDARD = gnu11;
				GCC_NO_COMMON_BLOCKS = YES;
				GCC_WARN_64_TO_32_BIT_CONVERSION = YES;
				GCC_WARN_ABOUT_RETURN_TYPE = YES_ERROR;
				GCC_WARN_UNDECLARED_SELECTOR = YES;
				GCC_WARN_UNINITIALIZED_AUTOS = YES_AGGRESSIVE;
				GCC_WARN_UNUSED_FUNCTION = YES;
				GCC_WARN_UNUSED_VARIABLE = YES;
				MACOSX_DEPLOYMENT_TARGET = 12.2;
				MTL_ENABLE_DEBUG_INFO = NO;
				MTL_FAST_MATH = YES;
				SDKROOT = macosx;
			};
			name = Release;
		};
		D66A134E27FCC89E0003085D /* Debug */ = {
			isa = XCBuildConfiguration;
			buildSettings = {
				CODE_SIGN_STYLE = Automatic;
				PRODUCT_NAME = "$(TARGET_NAME)";
			};
			name = Debug;
		};
		D66A134F27FCC89E0003085D /* Release */ = {
			isa = XCBuildConfiguration;
			buildSettings = {
				CODE_SIGN_STYLE = Automatic;
				PRODUCT_NAME = "$(TARGET_NAME)";
			};
			name = Release;
		};
/* End XCBuildConfiguration section */

/* Begin XCConfigurationList section */
		D66A134127FCC89E0003085D /* Build configuration list for PBXProject "Histogram" */ = {
			isa = XCConfigurationList;
			buildConfigurations = (
				D66A134B27FCC89E0003085D /* Debug */,
				D66A134C27FCC89E0003085D /* Release */,
			);
			defaultConfigurationIsVisible = 0;
			defaultConfigurationName = Release;
		};
		D66A134D27FCC89E0003085D /* Build configuration list for PBXNativeTarget "Histogram" */ = {
			isa = XCConfigurationList;
			buildConfigurations = (
				D66A134E27FCC89E0003085D /* Debug */,
				D66A134F27FCC89E0003085D /* Release */,
			);
			defaultConfigurationIsVisible = 0;
			defaultConfigurationName = Release;
		};
/* End XCConfigurationList section */
	};
	rootObject = D66A133E27FCC89E0003085D /* Project object */;
}
